
Microsoft Visual Studio Solution File, Format Version 12.00
# Visual Studio 2012
Project("{FAE04EC0-301F-11D3-BF4B-00C04F79EFBC}") = "STPLoader", "STPLoader\STPLoader.csproj", "{342CAE11-F670-4B79-9C98-F691340A4503}"
EndProject
Project("{FAE04EC0-301F-11D3-BF4B-00C04F79EFBC}") = "Example", "Example\Example.csproj", "{B49E723E-D172-441D-BF5C-5850FDD9B4BC}"
EndProject
Global
	GlobalSection(SolutionConfigurationPlatforms) = preSolution
		Debug|Any CPU = Debug|Any CPU
		Release|Any CPU = Release|Any CPU
	EndGlobalSection
	GlobalSection(ProjectConfigurationPlatforms) = postSolution
		{342CAE11-F670-4B79-9C98-F691340A4503}.Debug|Any CPU.ActiveCfg = Debug|Any CPU
		{342CAE11-F670-4B79-9C98-F691340A4503}.Debug|Any CPU.Build.0 = Debug|Any CPU
		{342CAE11-F670-4B79-9C98-F691340A4503}.Release|Any CPU.ActiveCfg = Release|Any CPU
		{342CAE11-F670-4B79-9C98-F691340A4503}.Release|Any CPU.Build.0 = Release|Any CPU
		{B49E723E-D172-441D-BF5C-5850FDD9B4BC}.Debug|Any CPU.ActiveCfg = Debug|Any CPU
		{B49E723E-D172-441D-BF5C-5850FDD9B4BC}.Debug|Any CPU.Build.0 = Debug|Any CPU
		{B49E723E-D172-441D-BF5C-5850FDD9B4BC}.Release|Any CPU.ActiveCfg = Release|Any CPU
		{B49E723E-D172-441D-BF5C-5850FDD9B4BC}.Release|Any CPU.Build.0 = Release|Any CPU
	EndGlobalSection
	GlobalSection(MonoDevelopProperties) = preSolution
		StartupItem = Example\Example.csproj
	EndGlobalSection
EndGlobal
